
Microsoft Visual Studio Solution File, Format Version 12.00
# Visual Studio Version 17
VisualStudioVersion = 17.0.31903.59
MinimumVisualStudioVersion = 10.0.40219.1
Project("{FAE04EC0-301F-11D3-BF4B-00C04F79EFBC}") = "CancellationDemo.Frontend", "CancellationDemo.Frontend\CancellationDemo.Frontend.csproj", "{675D9AA3-9AE9-4F2B-9B58-E92B97B63611}"
EndProject
Project("{FAE04EC0-301F-11D3-BF4B-00C04F79EFBC}") = "CancellationDemo.BFF", "CancellationDemo.BFF\CancellationDemo.BFF.csproj", "{880A3323-7C98-4C1E-B300-E7BD05A56682}"
EndProject
Project("{FAE04EC0-301F-11D3-BF4B-00C04F79EFBC}") = "CancellationDemo.API", "CancellationDemo.API\CancellationDemo.API.csproj", "{A1D5E35E-7662-40B6-BB5F-FD315EBED4A9}"
EndProject
Project("{FAE04EC0-301F-11D3-BF4B-00C04F79EFBC}") = "CancellationDemo.Shared", "CancellationDemo.Shared\CancellationDemo.Shared.csproj", "{7781371B-B12B-47CE-844E-DDDA25CB51DF}"
EndProject
Global
	GlobalSection(SolutionConfigurationPlatforms) = preSolution
		Debug|Any CPU = Debug|Any CPU
		Release|Any CPU = Release|Any CPU
	EndGlobalSection
	GlobalSection(SolutionProperties) = preSolution
		HideSolutionNode = FALSE
	EndGlobalSection
	GlobalSection(ProjectConfigurationPlatforms) = postSolution
		{675D9AA3-9AE9-4F2B-9B58-E92B97B63611}.Debug|Any CPU.ActiveCfg = Debug|Any CPU
		{675D9AA3-9AE9-4F2B-9B58-E92B97B63611}.Debug|Any CPU.Build.0 = Debug|Any CPU
		{675D9AA3-9AE9-4F2B-9B58-E92B97B63611}.Release|Any CPU.ActiveCfg = Release|Any CPU
		{675D9AA3-9AE9-4F2B-9B58-E92B97B63611}.Release|Any CPU.Build.0 = Release|Any CPU
		{880A3323-7C98-4C1E-B300-E7BD05A56682}.Debug|Any CPU.ActiveCfg = Debug|Any CPU
		{880A3323-7C98-4C1E-B300-E7BD05A56682}.Debug|Any CPU.Build.0 = Debug|Any CPU
		{880A3323-7C98-4C1E-B300-E7BD05A56682}.Release|Any CPU.ActiveCfg = Release|Any CPU
		{880A3323-7C98-4C1E-B300-E7BD05A56682}.Release|Any CPU.Build.0 = Release|Any CPU
		{A1D5E35E-7662-40B6-BB5F-FD315EBED4A9}.Debug|Any CPU.ActiveCfg = Debug|Any CPU
		{A1D5E35E-7662-40B6-BB5F-FD315EBED4A9}.Debug|Any CPU.Build.0 = Debug|Any CPU
		{A1D5E35E-7662-40B6-BB5F-FD315EBED4A9}.Release|Any CPU.ActiveCfg = Release|Any CPU
		{A1D5E35E-7662-40B6-BB5F-FD315EBED4A9}.Release|Any CPU.Build.0 = Release|Any CPU
		{7781371B-B12B-47CE-844E-DDDA25CB51DF}.Debug|Any CPU.ActiveCfg = Debug|Any CPU
		{7781371B-B12B-47CE-844E-DDDA25CB51DF}.Debug|Any CPU.Build.0 = Debug|Any CPU
		{7781371B-B12B-47CE-844E-DDDA25CB51DF}.Release|Any CPU.ActiveCfg = Release|Any CPU
		{7781371B-B12B-47CE-844E-DDDA25CB51DF}.Release|Any CPU.Build.0 = Release|Any CPU
	EndGlobalSection
EndGlobal
